lang: Python
homepage: https://github.com/sherlock-project/sherlock
license: MIT
desc:
  cn: Sherlock 是 Sherlock Project 提供的功能强大的命令行工具，可用于在许多社交网络中查找用户名
  en: Sherlock, a powerful command line tool provided by Sherlock Project, can be used to find usernames across many social networks
x:
  source: https://github.com/sherlock-project/sherlock
rule:
  /pip:
    cmd: 'git clone https://github.com/sherlock-project/sherlock.git \

      && cd sherlock \

      && python3 -m pip install -r requirements.txt

      '
    reference: https://github.com/sherlock-project/sherlock#installation
    dsnap: sherlock
  arch/yay:
    cmd: yay -S sherlock
    reference: https://aur.archlinux.org/packages/sherlock
binlist:
- sherlock

footprint:
  behavior:
    runtime:
      type: cli
    network:
      local: true
      internet: false
    filesystem:
      read:
        desc:
          cn: 读取配置文件
          en: Reads config files
        sensitive: []
  resource:
    disk:
      size:
        install:
          estimate: 5 MB
          rating: 1
          desc:
            cn: 安装 5 MB
            en: 5 MB install
      paths:
        data: []
        config: []
    memory:
      idle:
        estimate: 80 MB
        desc:
          cn: 80 MB
          en: 80 MB
    cpu:
      workload: ['io', 'compute']
      processes: 1
      peak:
        rating: 2
        desc:
          cn: 极低
          en: Negligible
